
Microsoft Visual Studio Solution File, Format Version 12.00
# Visual Studio Version 17
VisualStudioVersion = 17.11.35327.3
MinimumVisualStudioVersion = 10.0.40219.1
Project("{8BC9CEB8-8B4A-11D0-8D11-00A0C91BC942}") = "Project9", "Project9\Project9.vcxproj", "{A64201E7-77A8-4C23-B455-8998E8134A98}"
EndProject
Global
	GlobalSection(SolutionConfigurationPlatforms) = preSolution
		Debug|x64 = Debug|x64
		Debug|x86 = Debug|x86
		Release|x64 = Release|x64
		Release|x86 = Release|x86
	EndGlobalSection
	GlobalSection(ProjectConfigurationPlatforms) = postSolution
		{A64201E7-77A8-4C23-B455-8998E8134A98}.Debug|x64.ActiveCfg = Debug|x64
		{A64201E7-77A8-4C23-B455-8998E8134A98}.Debug|x64.Build.0 = Debug|x64
		{A64201E7-77A8-4C23-B455-8998E8134A98}.Debug|x86.ActiveCfg = Debug|Win32
		{A64201E7-77A8-4C23-B455-8998E8134A98}.Debug|x86.Build.0 = Debug|Win32
		{A64201E7-77A8-4C23-B455-8998E8134A98}.Release|x64.ActiveCfg = Release|x64
		{A64201E7-77A8-4C23-B455-8998E8134A98}.Release|x64.Build.0 = Release|x64
		{A64201E7-77A8-4C23-B455-8998E8134A98}.Release|x86.ActiveCfg = Release|Win32
		{A64201E7-77A8-4C23-B455-8998E8134A98}.Release|x86.Build.0 = Release|Win32
	EndGlobalSection
	GlobalSection(SolutionProperties) = preSolution
		HideSolutionNode = FALSE
	EndGlobalSection
	GlobalSection(ExtensibilityGlobals) = postSolution
		SolutionGuid = {49829F86-893D-40A7-9E90-E1022FACE221}
	EndGlobalSection
EndGlobal
